
Microsoft Visual Studio Solution File, Format Version 12.00
# Visual Studio 15
VisualStudioVersion = 15.0.26430.14
MinimumVisualStudioVersion = 10.0.40219.1
Project("{FAE04EC0-301F-11D3-BF4B-00C04F79EFBC}") = "GPS.SimpleCache", "GPS.SimpleCache\GPS.SimpleCache.csproj", "{B750EC97-5AA4-462A-B136-DFF97A8B00BB}"
EndProject
Project("{FAE04EC0-301F-11D3-BF4B-00C04F79EFBC}") = "GPS.SimpleCache.Tests", "GPS.SimpleCache.Tests\GPS.SimpleCache.Tests.csproj", "{D8631705-75AD-4E44-A38F-31E3E35290AB}"
EndProject
Project("{2150E333-8FDC-42A3-9474-1A3956D46DE8}") = "docs", "docs", "{3C0DF7A3-9E56-4B7C-AAD2-6F425D7266A1}"
	ProjectSection(SolutionItems) = preProject
		docs\_config.yml = docs\_config.yml
		Deploy.ps1 = Deploy.ps1
		docs\README.md = docs\README.md
	EndProjectSection
EndProject
Global
	GlobalSection(SolutionConfigurationPlatforms) = preSolution
		Debug|Any CPU = Debug|Any CPU
		Release|Any CPU = Release|Any CPU
	EndGlobalSection
	GlobalSection(ProjectConfigurationPlatforms) = postSolution
		{B750EC97-5AA4-462A-B136-DFF97A8B00BB}.Debug|Any CPU.ActiveCfg = Debug|Any CPU
		{B750EC97-5AA4-462A-B136-DFF97A8B00BB}.Debug|Any CPU.Build.0 = Debug|Any CPU
		{B750EC97-5AA4-462A-B136-DFF97A8B00BB}.Release|Any CPU.ActiveCfg = Release|Any CPU
		{B750EC97-5AA4-462A-B136-DFF97A8B00BB}.Release|Any CPU.Build.0 = Release|Any CPU
		{D8631705-75AD-4E44-A38F-31E3E35290AB}.Debug|Any CPU.ActiveCfg = Debug|Any CPU
		{D8631705-75AD-4E44-A38F-31E3E35290AB}.Debug|Any CPU.Build.0 = Debug|Any CPU
		{D8631705-75AD-4E44-A38F-31E3E35290AB}.Release|Any CPU.ActiveCfg = Release|Any CPU
		{D8631705-75AD-4E44-A38F-31E3E35290AB}.Release|Any CPU.Build.0 = Release|Any CPU
	EndGlobalSection
	GlobalSection(SolutionProperties) = preSolution
		HideSolutionNode = FALSE
	EndGlobalSection
EndGlobal
